// !$*UTF8*$!
{
	archiveVersion = 1;
	classes = {
	};
	objectVersion = 110;
	objects = {

/* Begin PBXBuildFile section */
		B7D6A0013068700000000002 /* libNowPlayingBridge.dylib in Embed Libraries */ = {isa = PBXBuildFile; fileRef = 44CFB4513068641E00CC1CF1 /* libNowPlayingBridge.dylib */; settings = {ATTRIBUTES = (CodeSignOnCopy, ); }; };
/* End PBXBuildFile section */

/* Begin PBXContainerItemProxy section */
		44CFB2D930678F8400CC1CF1 /* PBXContainerItemProxy */ = {
			isa = PBXContainerItemProxy;
			containerPortal = 44CFB2AD3066CAF800CC1CF1 /* Project object */;
			proxyType = 1;
			remoteGlobalIDString = 44CFB2B43066CAF800CC1CF1;
			remoteInfo = Notch;
		};
		B7D6A0013068700000000004 /* PBXContainerItemProxy */ = {
			isa = PBXContainerItemProxy;
			containerPortal = 44CFB2AD3066CAF800CC1CF1 /* Project object */;
			proxyType = 1;
			remoteGlobalIDString = 44CFB4503068641E00CC1CF1;
			remoteInfo = NowPlayingBridge;
		};
/* End PBXContainerItemProxy section */

/* Begin PBXCopyFilesBuildPhase section */
		B7D6A0013068700000000003 /* Embed Libraries */ = {
			isa = PBXCopyFilesBuildPhase;
			dstPath = "";
			dstSubfolder = Frameworks;
			files = (
				B7D6A0013068700000000002 /* libNowPlayingBridge.dylib in Embed Libraries */,
			);
			name = "Embed Libraries";
		};
/* End PBXCopyFilesBuildPhase section */

/* Begin PBXFileReference section */
		44CFB2B53066CAF800CC1CF1 /* Notch.app */ = {isa = PBXFileReference; explicitFileType = wrapper.application; includeInIndex = 0; path = Notch.app; sourceTree = BUILT_PRODUCTS_DIR; };
		44CFB2D530678F8400CC1CF1 /* NotchTests.xctest */ = {isa = PBXFileReference; explicitFileType = wrapper.cfbundle; includeInIndex = 0; path = NotchTests.xctest; sourceTree = BUILT_PRODUCTS_DIR; };
		44CFB4513068641E00CC1CF1 /* libNowPlayingBridge.dylib */ = {isa = PBXFileReference; explicitFileType = "compiled.mach-o.dylib"; includeInIndex = 0; path = libNowPlayingBridge.dylib; sourceTree = BUILT_PRODUCTS_DIR; };
/* End PBXFileReference section */

/* Begin PBXFileSystemSynchronizedRootGroup section */
		44CFB2B73066CAF800CC1CF1 /* Notch */ = {
			isa = PBXFileSystemSynchronizedRootGroup;
			path = Notch;
			sourceTree = "<group>";
		};
		44CFB2D630678F8400CC1CF1 /* NotchTests */ = {
			isa = PBXFileSystemSynchronizedRootGroup;
			path = NotchTests;
			sourceTree = "<group>";
		};
		B7D6A0013068700000000001 /* NowPlayingBridge */ = {
			isa = PBXFileSystemSynchronizedRootGroup;
			path = NowPlayingBridge;
			sourceTree = "<group>";
		};
/* End PBXFileSystemSynchronizedRootGroup section */

/* Begin PBXFrameworksBuildPhase section */
		44CFB2B23066CAF800CC1CF1 /* Frameworks */ = {
			isa = PBXFrameworksBuildPhase;
			files = (
			);
		};
		44CFB2D230678F8400CC1CF1 /* Frameworks */ = {
			isa = PBXFrameworksBuildPhase;
			files = (
			);
		};
		44CFB44F3068641E00CC1CF1 /* Frameworks */ = {
			isa = PBXFrameworksBuildPhase;
			files = (
			);
		};
/* End PBXFrameworksBuildPhase section */

/* Begin PBXGroup section */
		44CFB2AC3066CAF800CC1CF1 = {
			isa = PBXGroup;
			children = (
				44CFB2B73066CAF800CC1CF1 /* Notch */,
				44CFB2D630678F8400CC1CF1 /* NotchTests */,
				B7D6A0013068700000000001 /* NowPlayingBridge */,
				44CFB2B63066CAF800CC1CF1 /* Products */,
			);
			sourceTree = "<group>";
		};
		44CFB2B63066CAF800CC1CF1 /* Products */ = {
			isa = PBXGroup;
			children = (
				44CFB2B53066CAF800CC1CF1 /* Notch.app */,
				44CFB2D530678F8400CC1CF1 /* NotchTests.xctest */,
				44CFB4513068641E00CC1CF1 /* libNowPlayingBridge.dylib */,
			);
			name = Products;
			sourceTree = "<group>";
		};
/* End PBXGroup section */

/* Begin PBXHeadersBuildPhase section */
		44CFB44D3068641E00CC1CF1 /* Headers */ = {
			isa = PBXHeadersBuildPhase;
			files = (
			);
		};
/* End PBXHeadersBuildPhase section */

/* Begin PBXNativeTarget section */
		44CFB2B43066CAF800CC1CF1 /* Notch */ = {
			isa = PBXNativeTarget;
			buildConfigurationList = 44CFB2C03066CAF900CC1CF1 /* Build configuration list for PBXNativeTarget "Notch" */;
			buildPhases = (
				44CFB2B13066CAF800CC1CF1 /* Sources */,
				44CFB2B23066CAF800CC1CF1 /* Frameworks */,
				44CFB2B33066CAF800CC1CF1 /* Resources */,
				B7D6A0013068700000000003 /* Embed Libraries */,
			);
			buildRules = (
			);
			dependencies = (
				B7D6A0013068700000000005 /* PBXTargetDependency */,
			);
			fileSystemSynchronizedGroups = (
				44CFB2B73066CAF800CC1CF1 /* Notch */,
			);
			name = Notch;
			productName = Notch;
			productReference = 44CFB2B53066CAF800CC1CF1 /* Notch.app */;
			productType = "com.apple.product-type.application";
		};
		44CFB2D430678F8400CC1CF1 /* NotchTests */ = {
			isa = PBXNativeTarget;
			buildConfigurationList = 44CFB2DB30678F8400CC1CF1 /* Build configuration list for PBXNativeTarget "NotchTests" */;
			buildPhases = (
				44CFB2D130678F8400CC1CF1 /* Sources */,
				44CFB2D230678F8400CC1CF1 /* Frameworks */,
				44CFB2D330678F8400CC1CF1 /* Resources */,
			);
			buildRules = (
			);
			dependencies = (
				44CFB2DA30678F8400CC1CF1 /* PBXTargetDependency */,
			);
			fileSystemSynchronizedGroups = (
				44CFB2D630678F8400CC1CF1 /* NotchTests */,
			);
			name = NotchTests;
			productName = NotchTests;
			productReference = 44CFB2D530678F8400CC1CF1 /* NotchTests.xctest */;
			productType = "com.apple.product-type.bundle.unit-test";
		};
		44CFB4503068641E00CC1CF1 /* NowPlayingBridge */ = {
			isa = PBXNativeTarget;
			buildConfigurationList = 44CFB4543068641E00CC1CF1 /* Build configuration list for PBXNativeTarget "NowPlayingBridge" */;
			buildPhases = (
				44CFB44D3068641E00CC1CF1 /* Headers */,
				44CFB44E3068641E00CC1CF1 /* Sources */,
				44CFB44F3068641E00CC1CF1 /* Frameworks */,
			);
			buildRules = (
			);
			fileSystemSynchronizedGroups = (
				B7D6A0013068700000000001 /* NowPlayingBridge */,
			);
			name = NowPlayingBridge;
			productName = NowPlayingBridge;
			productReference = 44CFB4513068641E00CC1CF1 /* libNowPlayingBridge.dylib */;
			productType = "com.apple.product-type.library.dynamic";
		};
/* End PBXNativeTarget section */

/* Begin PBXProject section */
		44CFB2AD3066CAF800CC1CF1 /* Project object */ = {
			isa = PBXProject;
			attributes = {
				BuildIndependentTargetsInParallel = 1;
				LastSwiftUpdateCheck = 2700;
				LastUpgradeCheck = 2700;
				TargetAttributes = {
					44CFB2B43066CAF800CC1CF1 = {
						CreatedOnToolsVersion = 27.0;
					};
					44CFB2D430678F8400CC1CF1 = {
						CreatedOnToolsVersion = 27.0;
						TestTargetID = 44CFB2B43066CAF800CC1CF1;
					};
					44CFB4503068641E00CC1CF1 = {
						CreatedOnToolsVersion = 27.0;
					};
				};
			};
			buildConfigurationList = 44CFB2B03066CAF800CC1CF1 /* Build configuration list for PBXProject "Notch" */;
			developmentRegion = en;
			hasScannedForEncodings = 0;
			knownRegions = (
				en,
				Base,
			);
			mainGroup = 44CFB2AC3066CAF800CC1CF1;
			minimizedProjectReferenceProxies = 1;
			preferredProjectObjectVersion = 77;
			productRefGroup = 44CFB2B63066CAF800CC1CF1 /* Products */;
			projectDirPath = "";
			projectRoot = "";
			targets = (
				44CFB2B43066CAF800CC1CF1 /* Notch */,
				44CFB2D430678F8400CC1CF1 /* NotchTests */,
				44CFB4503068641E00CC1CF1 /* NowPlayingBridge */,
			);
		};
/* End PBXProject section */

/* Begin PBXResourcesBuildPhase section */
		44CFB2B33066CAF800CC1CF1 /* Resources */ = {
			isa = PBXResourcesBuildPhase;
			files = (
			);
		};
		44CFB2D330678F8400CC1CF1 /* Resources */ = {
			isa = PBXResourcesBuildPhase;
			files = (
			);
		};
/* End PBXResourcesBuildPhase section */

/* Begin PBXSourcesBuildPhase section */
		44CFB2B13066CAF800CC1CF1 /* Sources */ = {
			isa = PBXSourcesBuildPhase;
			files = (
			);
		};
		44CFB2D130678F8400CC1CF1 /* Sources */ = {
			isa = PBXSourcesBuildPhase;
			files = (
			);
		};
		44CFB44E3068641E00CC1CF1 /* Sources */ = {
			isa = PBXSourcesBuildPhase;
			files = (
			);
		};
/* End PBXSourcesBuildPhase section */

/* Begin PBXTargetDependency section */
		44CFB2DA30678F8400CC1CF1 /* PBXTargetDependency */ = {
			isa = PBXTargetDependency;
			target = 44CFB2B43066CAF800CC1CF1 /* Notch */;
			targetProxy = 44CFB2D930678F8400CC1CF1 /* PBXContainerItemProxy */;
		};
		B7D6A0013068700000000005 /* PBXTargetDependency */ = {
			isa = PBXTargetDependency;
			target = 44CFB4503068641E00CC1CF1 /* NowPlayingBridge */;
			targetProxy = B7D6A0013068700000000004 /* PBXContainerItemProxy */;
		};
/* End PBXTargetDependency section */

/* Begin XCBuildConfiguration section */
		44CFB2BE3066CAF900CC1CF1 /* Debug configuration for PBXProject "Notch" */ = {
			isa = XCBuildConfiguration;
			buildSettings = {
				ALWAYS_SEARCH_USER_PATHS = NO;
				ASSETCATALOG_COMPILER_GENERATE_SWIFT_ASSET_SYMBOL_EXTENSIONS = YES;
				CLANG_ANALYZER_NONNULL = YES;
				CLANG_ANALYZER_NUMBER_OBJECT_CONVERSION = YES_AGGRESSIVE;
				CLANG_CXX_LANGUAGE_STANDARD = "gnu++20";
				CLANG_ENABLE_MODULES = YES;
				CLANG_ENABLE_OBJC_ARC = YES;
				CLANG_ENABLE_OBJC_WEAK = YES;
				CLANG_WARN_BLOCK_CAPTURE_AUTORELEASING = YES;
				CLANG_WARN_BOOL_CONVERSION = YES;
				CLANG_WARN_COMMA = YES;
				CLANG_WARN_CONSTANT_CONVERSION = YES;
				CLANG_WARN_DEPRECATED_OBJC_IMPLEMENTATIONS = YES;
				CLANG_WARN_DIRECT_OBJC_ISA_USAGE = YES_ERROR;
				CLANG_WARN_DOCUMENTATION_COMMENTS = YES;
				CLANG_WARN_EMPTY_BODY = YES;
				CLANG_WARN_ENUM_CONVERSION = YES;
				CLANG_WARN_INFINITE_RECURSION = YES;
				CLANG_WARN_INT_CONVERSION = YES;
				CLANG_WARN_NON_LITERAL_NULL_CONVERSION = YES;
				CLANG_WARN_OBJC_IMPLICIT_RETAIN_SELF = YES;
				CLANG_WARN_OBJC_LITERAL_CONVERSION = YES;
				CLANG_WARN_OBJC_ROOT_CLASS = YES_ERROR;
				CLANG_WARN_QUOTED_INCLUDE_IN_FRAMEWORK_HEADER = YES;
				CLANG_WARN_RANGE_LOOP_ANALYSIS = YES;
				CLANG_WARN_STRICT_PROTOTYPES = YES;
				CLANG_WARN_SUSPICIOUS_MOVE = YES;
				CLANG_WARN_UNGUARDED_AVAILABILITY = YES_AGGRESSIVE;
				CLANG_WARN_UNREACHABLE_CODE = YES;
				CLANG_WARN__DUPLICATE_METHOD_MATCH = YES;
				COPY_PHASE_STRIP = NO;
				DEBUG_INFORMATION_FORMAT = dwarf;
				ENABLE_STRICT_OBJC_MSGSEND = YES;
				ENABLE_TESTABILITY = YES;
				ENABLE_USER_SCRIPT_SANDBOXING = YES;
				GCC_C_LANGUAGE_STANDARD = gnu17;
				GCC_DYNAMIC_NO_PIC = NO;
				GCC_NO_COMMON_BLOCKS = YES;
				GCC_OPTIMIZATION_LEVEL = 0;
				GCC_PREPROCESSOR_DEFINITIONS = (
					"DEBUG=1",
					"$(inherited)",
				);
				GCC_WARN_64_TO_32_BIT_CONVERSION = YES;
				GCC_WARN_ABOUT_RETURN_TYPE = YES_ERROR;
				GCC_WARN_UNDECLARED_SELECTOR = YES;
				GCC_WARN_UNINITIALIZED_AUTOS = YES_AGGRESSIVE;
				GCC_WARN_UNUSED_FUNCTION = YES;
				GCC_WARN_UNUSED_VARIABLE = YES;
				LOCALIZATION_PREFERS_STRING_CATALOGS = YES;
				MACOSX_DEPLOYMENT_TARGET = 14.0;
				MTL_ENABLE_DEBUG_INFO = INCLUDE_SOURCE;
				MTL_FAST_MATH = YES;
				ONLY_ACTIVE_ARCH = YES;
				SDKROOT = macosx;
				SWIFT_ACTIVE_COMPILATION_CONDITIONS = "DEBUG $(inherited)";
				SWIFT_OPTIMIZATION_LEVEL = "-Onone";
			};
			name = Debug;
		};
		44CFB2BF3066CAF900CC1CF1 /* Release configuration for PBXProject "Notch" */ = {
			isa = XCBuildConfiguration;
			buildSettings = {
				ALWAYS_SEARCH_USER_PATHS = NO;
				ASSETCATALOG_COMPILER_GENERATE_SWIFT_ASSET_SYMBOL_EXTENSIONS = YES;
				CLANG_ANALYZER_NONNULL = YES;
				CLANG_ANALYZER_NUMBER_OBJECT_CONVERSION = YES_AGGRESSIVE;
				CLANG_CXX_LANGUAGE_STANDARD = "gnu++20";
				CLANG_ENABLE_MODULES = YES;
				CLANG_ENABLE_OBJC_ARC = YES;
				CLANG_ENABLE_OBJC_WEAK = YES;
				CLANG_WARN_BLOCK_CAPTURE_AUTORELEASING = YES;
				CLANG_WARN_BOOL_CONVERSION = YES;
				CLANG_WARN_COMMA = YES;
				CLANG_WARN_CONSTANT_CONVERSION = YES;
				CLANG_WARN_DEPRECATED_OBJC_IMPLEMENTATIONS = YES;
				CLANG_WARN_DIRECT_OBJC_ISA_USAGE = YES_ERROR;
				CLANG_WARN_DOCUMENTATION_COMMENTS = YES;
				CLANG_WARN_EMPTY_BODY = YES;
				CLANG_WARN_ENUM_CONVERSION = YES;
				CLANG_WARN_INFINITE_RECURSION = YES;
				CLANG_WARN_INT_CONVERSION = YES;
				CLANG_WARN_NON_LITERAL_NULL_CONVERSION = YES;
				CLANG_WARN_OBJC_IMPLICIT_RETAIN_SELF = YES;
				CLANG_WARN_OBJC_LITERAL_CONVERSION = YES;
				CLANG_WARN_OBJC_ROOT_CLASS = YES_ERROR;
				CLANG_WARN_QUOTED_INCLUDE_IN_FRAMEWORK_HEADER = YES;
				CLANG_WARN_RANGE_LOOP_ANALYSIS = YES;
				CLANG_WARN_STRICT_PROTOTYPES = YES;
				CLANG_WARN_SUSPICIOUS_MOVE = YES;
				CLANG_WARN_UNGUARDED_AVAILABILITY = YES_AGGRESSIVE;
				CLANG_WARN_UNREACHABLE_CODE = YES;
				CLANG_WARN__DUPLICATE_METHOD_MATCH = YES;
				COPY_PHASE_STRIP = NO;
				DEBUG_INFORMATION_FORMAT = "dwarf-with-dsym";
				ENABLE_NS_ASSERTIONS = NO;
				ENABLE_STRICT_OBJC_MSGSEND = YES;
				ENABLE_USER_SCRIPT_SANDBOXING = YES;
				GCC_C_LANGUAGE_STANDARD = gnu17;
				GCC_NO_COMMON_BLOCKS = YES;
				GCC_WARN_64_TO_32_BIT_CONVERSION = YES;
				GCC_WARN_ABOUT_RETURN_TYPE = YES_ERROR;
				GCC_WARN_UNDECLARED_SELECTOR = YES;
				GCC_WARN_UNINITIALIZED_AUTOS = YES_AGGRESSIVE;
				GCC_WARN_UNUSED_FUNCTION = YES;
				GCC_WARN_UNUSED_VARIABLE = YES;
				LOCALIZATION_PREFERS_STRING_CATALOGS = YES;
				MACOSX_DEPLOYMENT_TARGET = 14.0;
				MTL_ENABLE_DEBUG_INFO = NO;
				MTL_FAST_MATH = YES;
				SDKROOT = macosx;
				SWIFT_COMPILATION_MODE = wholemodule;
			};
			name = Release;
		};
		44CFB2C13066CAF900CC1CF1 /* Debug configuration for PBXNativeTarget "Notch" */ = {
			isa = XCBuildConfiguration;
			buildSettings = {
				ASSETCATALOG_COMPILER_APPICON_NAME = AppIcon;
				ASSETCATALOG_COMPILER_GLOBAL_ACCENT_COLOR_NAME = AccentColor;
				CODE_SIGN_ENTITLEMENTS = Notch.entitlements;
				CODE_SIGN_STYLE = Automatic;
				COMBINE_HIDPI_IMAGES = YES;
				CURRENT_PROJECT_VERSION = 1;
				DEVELOPMENT_TEAM = RCD2UV23X9;
				ENABLE_APP_SANDBOX = NO;
				ENABLE_PREVIEWS = YES;
				ENABLE_RESOURCE_ACCESS_CALENDARS = YES;
				ENABLE_RESOURCE_ACCESS_CAMERA = YES;
				GENERATE_INFOPLIST_FILE = YES;
				INFOPLIST_KEY_LSUIElement = YES;
				INFOPLIST_KEY_NSAppleEventsUsageDescription = "Notch plays, pauses and skips tracks in Spotify and Music when you control them from the notch.";
				INFOPLIST_KEY_NSBluetoothAlwaysUsageDescription = "Notch shows your AirPods and other Bluetooth devices when they connect, with their battery levels.";
				INFOPLIST_KEY_NSCalendarsFullAccessUsageDescription = "Notch shows your next calendar event when you expand the notch.";
				INFOPLIST_KEY_NSCameraUsageDescription = "Notch shows your camera as a mirror while you have the mirror open. Nothing is recorded or saved.";
				INFOPLIST_KEY_NSHumanReadableCopyright = "";
				LD_RUNPATH_SEARCH_PATHS = (
					"$(inherited)",
					"@executable_path/../Frameworks",
				);
				MARKETING_VERSION = 1.3.1;
				PRODUCT_BUNDLE_IDENTIFIER = com.vinzi.Notch;
				PRODUCT_NAME = "$(TARGET_NAME)";
				REGISTER_APP_GROUPS = YES;
				STRING_CATALOG_GENERATE_SYMBOLS = YES;
				SWIFT_APPROACHABLE_CONCURRENCY = YES;
				SWIFT_DEFAULT_ACTOR_ISOLATION = MainActor;
				SWIFT_EMIT_LOC_STRINGS = YES;
				SWIFT_UPCOMING_FEATURE_MEMBER_IMPORT_VISIBILITY = YES;
				SWIFT_VERSION = 5.0;
			};
			name = Debug;
		};
		44CFB2C23066CAF900CC1CF1 /* Release configuration for PBXNativeTarget "Notch" */ = {
			isa = XCBuildConfiguration;
			buildSettings = {
				ASSETCATALOG_COMPILER_APPICON_NAME = AppIcon;
				ASSETCATALOG_COMPILER_GLOBAL_ACCENT_COLOR_NAME = AccentColor;
				CODE_SIGN_ENTITLEMENTS = Notch.entitlements;
				CODE_SIGN_STYLE = Automatic;
				COMBINE_HIDPI_IMAGES = YES;
				CURRENT_PROJECT_VERSION = 1;
				DEVELOPMENT_TEAM = RCD2UV23X9;
				ENABLE_APP_SANDBOX = NO;
				ENABLE_PREVIEWS = YES;
				ENABLE_RESOURCE_ACCESS_CALENDARS = YES;
				ENABLE_RESOURCE_ACCESS_CAMERA = YES;
				GENERATE_INFOPLIST_FILE = YES;
				INFOPLIST_KEY_LSUIElement = YES;
				INFOPLIST_KEY_NSAppleEventsUsageDescription = "Notch plays, pauses and skips tracks in Spotify and Music when you control them from the notch.";
				INFOPLIST_KEY_NSBluetoothAlwaysUsageDescription = "Notch shows your AirPods and other Bluetooth devices when they connect, with their battery levels.";
				INFOPLIST_KEY_NSCalendarsFullAccessUsageDescription = "Notch shows your next calendar event when you expand the notch.";
				INFOPLIST_KEY_NSCameraUsageDescription = "Notch shows your camera as a mirror while you have the mirror open. Nothing is recorded or saved.";
				INFOPLIST_KEY_NSHumanReadableCopyright = "";
				LD_RUNPATH_SEARCH_PATHS = (
					"$(inherited)",
					"@executable_path/../Frameworks",
				);
				MARKETING_VERSION = 1.3.1;
				PRODUCT_BUNDLE_IDENTIFIER = com.vinzi.Notch;
				PRODUCT_NAME = "$(TARGET_NAME)";
				REGISTER_APP_GROUPS = YES;
				STRING_CATALOG_GENERATE_SYMBOLS = YES;
				SWIFT_APPROACHABLE_CONCURRENCY = YES;
				SWIFT_DEFAULT_ACTOR_ISOLATION = MainActor;
				SWIFT_EMIT_LOC_STRINGS = YES;
				SWIFT_UPCOMING_FEATURE_MEMBER_IMPORT_VISIBILITY = YES;
				SWIFT_VERSION = 5.0;
			};
			name = Release;
		};
		44CFB2DC30678F8400CC1CF1 /* Debug configuration for PBXNativeTarget "NotchTests" */ = {
			isa = XCBuildConfiguration;
			buildSettings = {
				BUNDLE_LOADER = "$(TEST_HOST)";
				CODE_SIGN_STYLE = Automatic;
				CURRENT_PROJECT_VERSION = 1;
				GENERATE_INFOPLIST_FILE = YES;
				MARKETING_VERSION = 1.3.1;
				PRODUCT_BUNDLE_IDENTIFIER = com.vinzi.NotchTests;
				PRODUCT_NAME = "$(TARGET_NAME)";
				STRING_CATALOG_GENERATE_SYMBOLS = NO;
				SWIFT_APPROACHABLE_CONCURRENCY = YES;
				SWIFT_EMIT_LOC_STRINGS = NO;
				SWIFT_UPCOMING_FEATURE_MEMBER_IMPORT_VISIBILITY = YES;
				SWIFT_VERSION = 5.0;
				TEST_HOST = "$(BUILT_PRODUCTS_DIR)/Notch.app/$(BUNDLE_EXECUTABLE_FOLDER_PATH)/Notch";
			};
			name = Debug;
		};
		44CFB2DD30678F8400CC1CF1 /* Release configuration for PBXNativeTarget "NotchTests" */ = {
			isa = XCBuildConfiguration;
			buildSettings = {
				BUNDLE_LOADER = "$(TEST_HOST)";
				CODE_SIGN_STYLE = Automatic;
				CURRENT_PROJECT_VERSION = 1;
				GENERATE_INFOPLIST_FILE = YES;
				MARKETING_VERSION = 1.3.1;
				PRODUCT_BUNDLE_IDENTIFIER = com.vinzi.NotchTests;
				PRODUCT_NAME = "$(TARGET_NAME)";
				STRING_CATALOG_GENERATE_SYMBOLS = NO;
				SWIFT_APPROACHABLE_CONCURRENCY = YES;
				SWIFT_EMIT_LOC_STRINGS = NO;
				SWIFT_UPCOMING_FEATURE_MEMBER_IMPORT_VISIBILITY = YES;
				SWIFT_VERSION = 5.0;
				TEST_HOST = "$(BUILT_PRODUCTS_DIR)/Notch.app/$(BUNDLE_EXECUTABLE_FOLDER_PATH)/Notch";
			};
			name = Release;
		};
		44CFB4523068641E00CC1CF1 /* Debug configuration for PBXNativeTarget "NowPlayingBridge" */ = {
			isa = XCBuildConfiguration;
			buildSettings = {
				CODE_SIGN_STYLE = Automatic;
				DEVELOPMENT_TEAM = RCD2UV23X9;
				DYLIB_COMPATIBILITY_VERSION = 1;
				DYLIB_CURRENT_VERSION = 1;
				EXECUTABLE_PREFIX = lib;
				PRODUCT_NAME = "$(TARGET_NAME)";
				SKIP_INSTALL = YES;
			};
			name = Debug;
		};
		44CFB4533068641E00CC1CF1 /* Release configuration for PBXNativeTarget "NowPlayingBridge" */ = {
			isa = XCBuildConfiguration;
			buildSettings = {
				CODE_SIGN_STYLE = Automatic;
				DEVELOPMENT_TEAM = RCD2UV23X9;
				DYLIB_COMPATIBILITY_VERSION = 1;
				DYLIB_CURRENT_VERSION = 1;
				EXECUTABLE_PREFIX = lib;
				PRODUCT_NAME = "$(TARGET_NAME)";
				SKIP_INSTALL = YES;
			};
			name = Release;
		};
/* End XCBuildConfiguration section */

/* Begin XCConfigurationList section */
		44CFB2B03066CAF800CC1CF1 /* Build configuration list for PBXProject "Notch" */ = {
			isa = XCConfigurationList;
			buildConfigurations = (
				44CFB2BE3066CAF900CC1CF1 /* Debug configuration for PBXProject "Notch" */,
				44CFB2BF3066CAF900CC1CF1 /* Release configuration for PBXProject "Notch" */,
			);
			defaultConfigurationName = Release;
		};
		44CFB2C03066CAF900CC1CF1 /* Build configuration list for PBXNativeTarget "Notch" */ = {
			isa = XCConfigurationList;
			buildConfigurations = (
				44CFB2C13066CAF900CC1CF1 /* Debug configuration for PBXNativeTarget "Notch" */,
				44CFB2C23066CAF900CC1CF1 /* Release configuration for PBXNativeTarget "Notch" */,
			);
			defaultConfigurationName = Release;
		};
		44CFB2DB30678F8400CC1CF1 /* Build configuration list for PBXNativeTarget "NotchTests" */ = {
			isa = XCConfigurationList;
			buildConfigurations = (
				44CFB2DC30678F8400CC1CF1 /* Debug configuration for PBXNativeTarget "NotchTests" */,
				44CFB2DD30678F8400CC1CF1 /* Release configuration for PBXNativeTarget "NotchTests" */,
			);
			defaultConfigurationName = Release;
		};
		44CFB4543068641E00CC1CF1 /* Build configuration list for PBXNativeTarget "NowPlayingBridge" */ = {
			isa = XCConfigurationList;
			buildConfigurations = (
				44CFB4523068641E00CC1CF1 /* Debug configuration for PBXNativeTarget "NowPlayingBridge" */,
				44CFB4533068641E00CC1CF1 /* Release configuration for PBXNativeTarget "NowPlayingBridge" */,
			);
			defaultConfigurationName = Release;
		};
/* End XCConfigurationList section */
	};
	rootObject = 44CFB2AD3066CAF800CC1CF1 /* Project object */;
	validationLevel = 1;
}
